
Microsoft Visual Studio Solution File, Format Version 12.00
# Blend for Visual Studio Version 16
VisualStudioVersion = 16.0.31005.135
MinimumVisualStudioVersion = 10.0.40219.1
Project("{FAE04EC0-301F-11D3-BF4B-00C04F79EFBC}") = "WPFProject", "WPFProject.csproj", "{F85F0BB7-49E9-4924-A3CF-E133D145C8D8}"
EndProject
Global
	GlobalSection(SolutionConfigurationPlatforms) = preSolution
		Debug|Any CPU = Debug|Any CPU
		Release|Any CPU = Release|Any CPU
	EndGlobalSection
	GlobalSection(ProjectConfigurationPlatforms) = postSolution
		{F85F0BB7-49E9-4924-A3CF-E133D145C8D8}.Debug|Any CPU.ActiveCfg = Debug|Any CPU
		{F85F0BB7-49E9-4924-A3CF-E133D145C8D8}.Debug|Any CPU.Build.0 = Debug|Any CPU
		{F85F0BB7-49E9-4924-A3CF-E133D145C8D8}.Release|Any CPU.ActiveCfg = Release|Any CPU
		{F85F0BB7-49E9-4924-A3CF-E133D145C8D8}.Release|Any CPU.Build.0 = Release|Any CPU
	EndGlobalSection
	GlobalSection(SolutionProperties) = preSolution
		HideSolutionNode = FALSE
	EndGlobalSection
	GlobalSection(ExtensibilityGlobals) = postSolution
		SolutionGuid = {5CECBDBE-4C27-4D63-B5BA-ACFE02DF2831}
	EndGlobalSection
EndGlobal
